
Microsoft Visual Studio Solution File, Format Version 12.00
# Visual Studio Version 16
VisualStudioVersion = 25.0.1706.8
MinimumVisualStudioVersion = 10.0.40219.1
Project("{FAE04EC0-301F-11D3-BF4B-00C04F79EFBC}") = "NetBindingTester", "NetBindingTester\NetBindingTester.csproj", "{B06CCA98-DE30-4A67-AE02-6317FB6EC8AF}"
EndProject
Global
	GlobalSection(SolutionConfigurationPlatforms) = preSolution
		Debug|Any CPU = Debug|Any CPU
		Release|Any CPU = Release|Any CPU
	EndGlobalSection
	GlobalSection(ProjectConfigurationPlatforms) = postSolution
		{B06CCA98-DE30-4A67-AE02-6317FB6EC8AF}.Debug|Any CPU.ActiveCfg = Debug|Any CPU
		{B06CCA98-DE30-4A67-AE02-6317FB6EC8AF}.Debug|Any CPU.Build.0 = Debug|Any CPU
		{B06CCA98-DE30-4A67-AE02-6317FB6EC8AF}.Release|Any CPU.ActiveCfg = Release|Any CPU
		{B06CCA98-DE30-4A67-AE02-6317FB6EC8AF}.Release|Any CPU.Build.0 = Release|Any CPU
	EndGlobalSection
	GlobalSection(SolutionProperties) = preSolution
		HideSolutionNode = FALSE
	EndGlobalSection
	GlobalSection(ExtensibilityGlobals) = postSolution
		SolutionGuid = {F56DCAFD-5E8D-40F6-9AA4-87CE0FA55F11}
	EndGlobalSection
EndGlobal
